
Microsoft Visual Studio Solution File, Format Version 12.00
Project("{FAE04EC0-301F-11D3-BF4B-00C04F79EFBC}") = "PathfindingVisualizer", "PathfindingVisualizer\PathfindingVisualizer.csproj", "{774A464B-D905-431B-AF8B-3E2950124294}"
EndProject
Global
	GlobalSection(SolutionConfigurationPlatforms) = preSolution
		Debug|Any CPU = Debug|Any CPU
		Release|Any CPU = Release|Any CPU
	EndGlobalSection
	GlobalSection(ProjectConfigurationPlatforms) = postSolution
		{774A464B-D905-431B-AF8B-3E2950124294}.Debug|Any CPU.ActiveCfg = Debug|Any CPU
		{774A464B-D905-431B-AF8B-3E2950124294}.Debug|Any CPU.Build.0 = Debug|Any CPU
		{774A464B-D905-431B-AF8B-3E2950124294}.Release|Any CPU.ActiveCfg = Release|Any CPU
		{774A464B-D905-431B-AF8B-3E2950124294}.Release|Any CPU.Build.0 = Release|Any CPU
	EndGlobalSection
EndGlobal
